// !$*UTF8*$!
{
	archiveVersion = 1;
	classes = {
	};
	objectVersion = 51;
	objects = {

/* Begin PBXBuildFile section */
		23707B992442775100175FD9 /* AppDelegate.swift in Sources */ = {isa = PBXBuildFile; fileRef = 23707B982442775100175FD9 /* AppDelegate.swift */; };
		23707B9D2442775100175FD9 /* NavigationController.swift in Sources */ = {isa = PBXBuildFile; fileRef = 23707B9C2442775100175FD9 /* NavigationController.swift */; };
		23707BA22442775400175FD9 /* Assets.xcassets in Resources */ = {isa = PBXBuildFile; fileRef = 23707BA12442775400175FD9 /* Assets.xcassets */; };
		23707BA52442775400175FD9 /* LaunchScreen.storyboard in Resources */ = {isa = PBXBuildFile; fileRef = 23707BA32442775400175FD9 /* LaunchScreen.storyboard */; };
		23707BB524427C6A00175FD9 /* Constants.swift in Sources */ = {isa = PBXBuildFile; fileRef = 23707BB424427C6A00175FD9 /* Constants.swift */; };
		23707BB724427C7800175FD9 /* UIImage+Extensions.swift in Sources */ = {isa = PBXBuildFile; fileRef = 23707BB624427C7800175FD9 /* UIImage+Extensions.swift */; };
		23707BBB2442869F00175FD9 /* ApplicationCoordinator.swift in Sources */ = {isa = PBXBuildFile; fileRef = 23707BBA2442869F00175FD9 /* ApplicationCoordinator.swift */; };
		23707BBD2442871300175FD9 /* BaseCoordinator.swift in Sources */ = {isa = PBXBuildFile; fileRef = 23707BBC2442871300175FD9 /* BaseCoordinator.swift */; };
		23707BC02442878F00175FD9 /* Coordinatable.swift in Sources */ = {isa = PBXBuildFile; fileRef = 23707BBF2442878F00175FD9 /* Coordinatable.swift */; };
		23707BC2244287D600175FD9 /* Block.swift in Sources */ = {isa = PBXBuildFile; fileRef = 23707BC1244287D600175FD9 /* Block.swift */; };
		23707BC5244288B900175FD9 /* CoordinatorGroup.swift in Sources */ = {isa = PBXBuildFile; fileRef = 23707BC4244288B900175FD9 /* CoordinatorGroup.swift */; };
		23707BCB2442897B00175FD9 /* Instructor.swift in Sources */ = {isa = PBXBuildFile; fileRef = 23707BCA2442897B00175FD9 /* Instructor.swift */; };
		23707BCD2442899900175FD9 /* CoordinatorInstructor.swift in Sources */ = {isa = PBXBuildFile; fileRef = 23707BCC2442899900175FD9 /* CoordinatorInstructor.swift */; };
		23707BCF244289D700175FD9 /* CoordinatorFactory.swift in Sources */ = {isa = PBXBuildFile; fileRef = 23707BCE244289D700175FD9 /* CoordinatorFactory.swift */; };
		23707BD124428A0F00175FD9 /* ModuleFactory.swift in Sources */ = {isa = PBXBuildFile; fileRef = 23707BD024428A0F00175FD9 /* ModuleFactory.swift */; };
		23707BD324428BF500175FD9 /* AppRouter.swift in Sources */ = {isa = PBXBuildFile; fileRef = 23707BD224428BF500175FD9 /* AppRouter.swift */; };
		23707BD524428C9400175FD9 /* UIWindow+Level.swift in Sources */ = {isa = PBXBuildFile; fileRef = 23707BD424428C9400175FD9 /* UIWindow+Level.swift */; };
		23707BD824428CF700175FD9 /* Router.swift in Sources */ = {isa = PBXBuildFile; fileRef = 23707BD724428CF700175FD9 /* Router.swift */; };
		23707BDB24428D5200175FD9 /* AppRoutable.swift in Sources */ = {isa = PBXBuildFile; fileRef = 23707BDA24428D5200175FD9 /* AppRoutable.swift */; };
		23707BDD24428D6600175FD9 /* StackRoutable.swift in Sources */ = {isa = PBXBuildFile; fileRef = 23707BDC24428D6600175FD9 /* StackRoutable.swift */; };
		23707BDF24428D8900175FD9 /* ModalRoutable.swift in Sources */ = {isa = PBXBuildFile; fileRef = 23707BDE24428D8900175FD9 /* ModalRoutable.swift */; };
		23707BE224428DC400175FD9 /* Presentable.swift in Sources */ = {isa = PBXBuildFile; fileRef = 23707BE124428DC400175FD9 /* Presentable.swift */; };
		23707BE524428EE300175FD9 /* InitializableView.swift in Sources */ = {isa = PBXBuildFile; fileRef = 23707BE424428EE300175FD9 /* InitializableView.swift */; };
		23707BE724428F8700175FD9 /* UIViewController+Extensions.swift in Sources */ = {isa = PBXBuildFile; fileRef = 23707BE624428F8700175FD9 /* UIViewController+Extensions.swift */; };
		23707BEB244292D700175FD9 /* ApplicationModuleFactory.swift in Sources */ = {isa = PBXBuildFile; fileRef = 23707BEA244292D700175FD9 /* ApplicationModuleFactory.swift */; };
		23707BED2442932C00175FD9 /* ApplicationCoordinatorInterface.swift in Sources */ = {isa = PBXBuildFile; fileRef = 23707BEC2442932C00175FD9 /* ApplicationCoordinatorInterface.swift */; };
		23707BEF244293F200175FD9 /* ApplicationCoordinatorInstructor.swift in Sources */ = {isa = PBXBuildFile; fileRef = 23707BEE244293F200175FD9 /* ApplicationCoordinatorInstructor.swift */; };
		23707BF12442948400175FD9 /* ApplicationStorage.swift in Sources */ = {isa = PBXBuildFile; fileRef = 23707BF02442948400175FD9 /* ApplicationStorage.swift */; };
		23707BF3244294D400175FD9 /* ApplicationState.swift in Sources */ = {isa = PBXBuildFile; fileRef = 23707BF2244294D400175FD9 /* ApplicationState.swift */; };
		23707BF6244295F500175FD9 /* TabBarCoordinator.swift in Sources */ = {isa = PBXBuildFile; fileRef = 23707BF5244295F500175FD9 /* TabBarCoordinator.swift */; };
		23707BF82442973100175FD9 /* TabBarStorage.swift in Sources */ = {isa = PBXBuildFile; fileRef = 23707BF72442973100175FD9 /* TabBarStorage.swift */; };
		23707BFC2442987600175FD9 /* TabBarController.swift in Sources */ = {isa = PBXBuildFile; fileRef = 23707BFB2442987600175FD9 /* TabBarController.swift */; };
		23707BFE2442997D00175FD9 /* ModuleFactory+TabBar.swift in Sources */ = {isa = PBXBuildFile; fileRef = 23707BFD2442997D00175FD9 /* ModuleFactory+TabBar.swift */; };
		23707C002442999F00175FD9 /* TabBarItem.swift in Sources */ = {isa = PBXBuildFile; fileRef = 23707BFF2442999F00175FD9 /* TabBarItem.swift */; };
		23707C0324429B7B00175FD9 /* TabBarItemView.swift in Sources */ = {isa = PBXBuildFile; fileRef = 23707C0224429B7B00175FD9 /* TabBarItemView.swift */; };
		23707C0524429BEE00175FD9 /* BaseView.swift in Sources */ = {isa = PBXBuildFile; fileRef = 23707C0424429BEE00175FD9 /* BaseView.swift */; };
		23707C0824429C9400175FD9 /* TabBarViewDelegate.swift in Sources */ = {isa = PBXBuildFile; fileRef = 23707C0724429C9400175FD9 /* TabBarViewDelegate.swift */; };
		23707C0A24429CC700175FD9 /* TabBarView.swift in Sources */ = {isa = PBXBuildFile; fileRef = 23707C0924429CC700175FD9 /* TabBarView.swift */; };
		23707C0C2442A18B00175FD9 /* MainStorage.swift in Sources */ = {isa = PBXBuildFile; fileRef = 23707C0B2442A18B00175FD9 /* MainStorage.swift */; };
		23707C0F2442A8CD00175FD9 /* ModuleFactory+PathModule.swift in Sources */ = {isa = PBXBuildFile; fileRef = 23707C0E2442A8CD00175FD9 /* ModuleFactory+PathModule.swift */; };
		23707C112442A90C00175FD9 /* PathViewController.swift in Sources */ = {isa = PBXBuildFile; fileRef = 23707C102442A90C00175FD9 /* PathViewController.swift */; };
		23707C132442A99900175FD9 /* PathViewModel.swift in Sources */ = {isa = PBXBuildFile; fileRef = 23707C122442A99900175FD9 /* PathViewModel.swift */; };
		23707C152442ABB100175FD9 /* PathCoordinator.swift in Sources */ = {isa = PBXBuildFile; fileRef = 23707C142442ABB100175FD9 /* PathCoordinator.swift */; };
		23707C182442AC0800175FD9 /* PathModuleFactory.swift in Sources */ = {isa = PBXBuildFile; fileRef = 23707C172442AC0800175FD9 /* PathModuleFactory.swift */; };
		23707C1B24437D1200175FD9 /* GeneralViewController.swift in Sources */ = {isa = PBXBuildFile; fileRef = 23707C1A24437D1200175FD9 /* GeneralViewController.swift */; };
		23707C1E24437DA200175FD9 /* GeneralViewModel.swift in Sources */ = {isa = PBXBuildFile; fileRef = 23707C1D24437DA200175FD9 /* GeneralViewModel.swift */; };
		23707C2024437DC100175FD9 /* ModuleFactory+GeneralModule.swift in Sources */ = {isa = PBXBuildFile; fileRef = 23707C1F24437DC100175FD9 /* ModuleFactory+GeneralModule.swift */; };
		23707C2224437E2400175FD9 /* GeneralModuleFactory.swift in Sources */ = {isa = PBXBuildFile; fileRef = 23707C2124437E2400175FD9 /* GeneralModuleFactory.swift */; };
		23707C2524437E3F00175FD9 /* GeneralCoordinator.swift in Sources */ = {isa = PBXBuildFile; fileRef = 23707C2424437E3F00175FD9 /* GeneralCoordinator.swift */; };
		23707C2724437FDA00175FD9 /* UIView+RoundedShadow.swift in Sources */ = {isa = PBXBuildFile; fileRef = 23707C2624437FDA00175FD9 /* UIView+RoundedShadow.swift */; };
		23707C292443943C00175FD9 /* WaybillViewController.swift in Sources */ = {isa = PBXBuildFile; fileRef = 23707C282443943C00175FD9 /* WaybillViewController.swift */; };
		23707C2C2443948400175FD9 /* ModuleFactory+WaybillModule.swift in Sources */ = {isa = PBXBuildFile; fileRef = 23707C2B2443948400175FD9 /* ModuleFactory+WaybillModule.swift */; };
		23707C2E244395DF00175FD9 /* WaybillViewModel.swift in Sources */ = {isa = PBXBuildFile; fileRef = 23707C2D244395DF00175FD9 /* WaybillViewModel.swift */; };
		23707C3024439B9500175FD9 /* WaybillCoordinator.swift in Sources */ = {isa = PBXBuildFile; fileRef = 23707C2F24439B9500175FD9 /* WaybillCoordinator.swift */; };
		23707C3324439BD300175FD9 /* WaybillModuleFactory.swift in Sources */ = {isa = PBXBuildFile; fileRef = 23707C3224439BD300175FD9 /* WaybillModuleFactory.swift */; };
		23707C352443A3D800175FD9 /* BasePlaceholderView.swift in Sources */ = {isa = PBXBuildFile; fileRef = 23707C342443A3D800175FD9 /* BasePlaceholderView.swift */; };
		23707C372443A46400175FD9 /* BasePlaceholderViewModel.swift in Sources */ = {isa = PBXBuildFile; fileRef = 23707C362443A46400175FD9 /* BasePlaceholderViewModel.swift */; };
		23707C3A2443A68000175FD9 /* ViewTextConfigurable.swift in Sources */ = {isa = PBXBuildFile; fileRef = 23707C392443A68000175FD9 /* ViewTextConfigurable.swift */; };
		23707C3C2443DD4000175FD9 /* UILabel+ViewTextConfigurable.swift in Sources */ = {isa = PBXBuildFile; fileRef = 23707C3B2443DD4000175FD9 /* UILabel+ViewTextConfigurable.swift */; };
		23707C3E2443DD6700175FD9 /* UIButton+ViewTextConfigurable.swift in Sources */ = {isa = PBXBuildFile; fileRef = 23707C3D2443DD6700175FD9 /* UIButton+ViewTextConfigurable.swift */; };
		23707C402443DDA300175FD9 /* ViewText.swift in Sources */ = {isa = PBXBuildFile; fileRef = 23707C3F2443DDA300175FD9 /* ViewText.swift */; };
		23707C422443DDF700175FD9 /* BaseTextAttributes.swift in Sources */ = {isa = PBXBuildFile; fileRef = 23707C412443DDF700175FD9 /* BaseTextAttributes.swift */; };
		23707C442443DE8600175FD9 /* ConfigurableController.swift in Sources */ = {isa = PBXBuildFile; fileRef = 23707C432443DE8600175FD9 /* ConfigurableController.swift */; };
		23707C462443DF2000175FD9 /* BaseConfigurableController.swift in Sources */ = {isa = PBXBuildFile; fileRef = 23707C452443DF2000175FD9 /* BaseConfigurableController.swift */; };
		23707C4C2443E37D00175FD9 /* EmptyView.swift in Sources */ = {isa = PBXBuildFile; fileRef = 23707C4B2443E37D00175FD9 /* EmptyView.swift */; };
		23707C4E2443EB0800175FD9 /* BaseSeparatorView.swift in Sources */ = {isa = PBXBuildFile; fileRef = 23707C4D2443EB0800175FD9 /* BaseSeparatorView.swift */; };
		23707C502443EC1400175FD9 /* EmptyViewModel.swift in Sources */ = {isa = PBXBuildFile; fileRef = 23707C4F2443EC1400175FD9 /* EmptyViewModel.swift */; };
		23707C522443ED3A00175FD9 /* ConfigurableView.swift in Sources */ = {isa = PBXBuildFile; fileRef = 23707C512443ED3A00175FD9 /* ConfigurableView.swift */; };
		2EAE88E586E9A0AB376F1945 /* Pods_Pathfinder.framework in Frameworks */ = {isa = PBXBuildFile; fileRef = 7B08F03EBD80DEF0658C4FE0 /* Pods_Pathfinder.framework */; };
/* End PBXBuildFile section */

/* Begin PBXFileReference section */
		23707B952442775100175FD9 /* Pathfinder.app */ = {isa = PBXFileReference; explicitFileType = wrapper.application; includeInIndex = 0; path = Pathfinder.app; sourceTree = BUILT_PRODUCTS_DIR; };
		23707B982442775100175FD9 /* AppDelegate.swift */ = {isa = PBXFileReference; lastKnownFileType = sourcecode.swift; path = AppDelegate.swift; sourceTree = "<group>"; };
		23707B9C2442775100175FD9 /* NavigationController.swift */ = {isa = PBXFileReference; lastKnownFileType = sourcecode.swift; path = NavigationController.swift; sourceTree = "<group>"; };
		23707BA12442775400175FD9 /* Assets.xcassets */ = {isa = PBXFileReference; lastKnownFileType = folder.assetcatalog; path = Assets.xcassets; sourceTree = "<group>"; };
		23707BA42442775400175FD9 /* Base */ = {isa = PBXFileReference; lastKnownFileType = file.storyboard; name = Base; path = Base.lproj/LaunchScreen.storyboard; sourceTree = "<group>"; };
		23707BA62442775400175FD9 /* Info.plist */ = {isa = PBXFileReference; lastKnownFileType = text.plist.xml; path = Info.plist; sourceTree = "<group>"; };
		23707BB424427C6A00175FD9 /* Constants.swift */ = {isa = PBXFileReference; lastKnownFileType = sourcecode.swift; path = Constants.swift; sourceTree = "<group>"; };
		23707BB624427C7800175FD9 /* UIImage+Extensions.swift */ = {isa = PBXFileReference; lastKnownFileType = sourcecode.swift; path = "UIImage+Extensions.swift"; sourceTree = "<group>"; };
		23707BBA2442869F00175FD9 /* ApplicationCoordinator.swift */ = {isa = PBXFileReference; lastKnownFileType = sourcecode.swift; path = ApplicationCoordinator.swift; sourceTree = "<group>"; };
		23707BBC2442871300175FD9 /* BaseCoordinator.swift */ = {isa = PBXFileReference; lastKnownFileType = sourcecode.swift; path = BaseCoordinator.swift; sourceTree = "<group>"; };
		23707BBF2442878F00175FD9 /* Coordinatable.swift */ = {isa = PBXFileReference; lastKnownFileType = sourcecode.swift; path = Coordinatable.swift; sourceTree = "<group>"; };
		23707BC1244287D600175FD9 /* Block.swift */ = {isa = PBXFileReference; lastKnownFileType = sourcecode.swift; path = Block.swift; sourceTree = "<group>"; };
		23707BC4244288B900175FD9 /* CoordinatorGroup.swift */ = {isa = PBXFileReference; lastKnownFileType = sourcecode.swift; path = CoordinatorGroup.swift; sourceTree = "<group>"; };
		23707BCA2442897B00175FD9 /* Instructor.swift */ = {isa = PBXFileReference; lastKnownFileType = sourcecode.swift; path = Instructor.swift; sourceTree = "<group>"; };
		23707BCC2442899900175FD9 /* CoordinatorInstructor.swift */ = {isa = PBXFileReference; lastKnownFileType = sourcecode.swift; path = CoordinatorInstructor.swift; sourceTree = "<group>"; };
		23707BCE244289D700175FD9 /* CoordinatorFactory.swift */ = {isa = PBXFileReference; lastKnownFileType = sourcecode.swift; path = CoordinatorFactory.swift; sourceTree = "<group>"; };
		23707BD024428A0F00175FD9 /* ModuleFactory.swift */ = {isa = PBXFileReference; lastKnownFileType = sourcecode.swift; path = ModuleFactory.swift; sourceTree = "<group>"; };
		23707BD224428BF500175FD9 /* AppRouter.swift */ = {isa = PBXFileReference; lastKnownFileType = sourcecode.swift; path = AppRouter.swift; sourceTree = "<group>"; };
		23707BD424428C9400175FD9 /* UIWindow+Level.swift */ = {isa = PBXFileReference; lastKnownFileType = sourcecode.swift; path = "UIWindow+Level.swift"; sourceTree = "<group>"; };
		23707BD724428CF700175FD9 /* Router.swift */ = {isa = PBXFileReference; lastKnownFileType = sourcecode.swift; path = Router.swift; sourceTree = "<group>"; };
		23707BDA24428D5200175FD9 /* AppRoutable.swift */ = {isa = PBXFileReference; lastKnownFileType = sourcecode.swift; path = AppRoutable.swift; sourceTree = "<group>"; };
		23707BDC24428D6600175FD9 /* StackRoutable.swift */ = {isa = PBXFileReference; lastKnownFileType = sourcecode.swift; path = StackRoutable.swift; sourceTree = "<group>"; };
		23707BDE24428D8900175FD9 /* ModalRoutable.swift */ = {isa = PBXFileReference; lastKnownFileType = sourcecode.swift; path = ModalRoutable.swift; sourceTree = "<group>"; };
		23707BE124428DC400175FD9 /* Presentable.swift */ = {isa = PBXFileReference; lastKnownFileType = sourcecode.swift; path = Presentable.swift; sourceTree = "<group>"; };
		23707BE424428EE300175FD9 /* InitializableView.swift */ = {isa = PBXFileReference; lastKnownFileType = sourcecode.swift; path = InitializableView.swift; sourceTree = "<group>"; };
		23707BE624428F8700175FD9 /* UIViewController+Extensions.swift */ = {isa = PBXFileReference; lastKnownFileType = sourcecode.swift; path = "UIViewController+Extensions.swift"; sourceTree = "<group>"; };
		23707BEA244292D700175FD9 /* ApplicationModuleFactory.swift */ = {isa = PBXFileReference; lastKnownFileType = sourcecode.swift; path = ApplicationModuleFactory.swift; sourceTree = "<group>"; };
		23707BEC2442932C00175FD9 /* ApplicationCoordinatorInterface.swift */ = {isa = PBXFileReference; lastKnownFileType = sourcecode.swift; path = ApplicationCoordinatorInterface.swift; sourceTree = "<group>"; };
		23707BEE244293F200175FD9 /* ApplicationCoordinatorInstructor.swift */ = {isa = PBXFileReference; lastKnownFileType = sourcecode.swift; path = ApplicationCoordinatorInstructor.swift; sourceTree = "<group>"; };
		23707BF02442948400175FD9 /* ApplicationStorage.swift */ = {isa = PBXFileReference; lastKnownFileType = sourcecode.swift; path = ApplicationStorage.swift; sourceTree = "<group>"; };
		23707BF2244294D400175FD9 /* ApplicationState.swift */ = {isa = PBXFileReference; lastKnownFileType = sourcecode.swift; path = ApplicationState.swift; sourceTree = "<group>"; };
		23707BF5244295F500175FD9 /* TabBarCoordinator.swift */ = {isa = PBXFileReference; lastKnownFileType = sourcecode.swift; path = TabBarCoordinator.swift; sourceTree = "<group>"; };
		23707BF72442973100175FD9 /* TabBarStorage.swift */ = {isa = PBXFileReference; lastKnownFileType = sourcecode.swift; path = TabBarStorage.swift; sourceTree = "<group>"; };
		23707BFB2442987600175FD9 /* TabBarController.swift */ = {isa = PBXFileReference; lastKnownFileType = sourcecode.swift; path = TabBarController.swift; sourceTree = "<group>"; };
		23707BFD2442997D00175FD9 /* ModuleFactory+TabBar.swift */ = {isa = PBXFileReference; lastKnownFileType = sourcecode.swift; path = "ModuleFactory+TabBar.swift"; sourceTree = "<group>"; };
		23707BFF2442999F00175FD9 /* TabBarItem.swift */ = {isa = PBXFileReference; lastKnownFileType = sourcecode.swift; path = TabBarItem.swift; sourceTree = "<group>"; };
		23707C0224429B7B00175FD9 /* TabBarItemView.swift */ = {isa = PBXFileReference; lastKnownFileType = sourcecode.swift; path = TabBarItemView.swift; sourceTree = "<group>"; };
		23707C0424429BEE00175FD9 /* BaseView.swift */ = {isa = PBXFileReference; lastKnownFileType = sourcecode.swift; path = BaseView.swift; sourceTree = "<group>"; };
		23707C0724429C9400175FD9 /* TabBarViewDelegate.swift */ = {isa = PBXFileReference; lastKnownFileType = sourcecode.swift; path = TabBarViewDelegate.swift; sourceTree = "<group>"; };
		23707C0924429CC700175FD9 /* TabBarView.swift */ = {isa = PBXFileReference; lastKnownFileType = sourcecode.swift; path = TabBarView.swift; sourceTree = "<group>"; };
		23707C0B2442A18B00175FD9 /* MainStorage.swift */ = {isa = PBXFileReference; lastKnownFileType = sourcecode.swift; path = MainStorage.swift; sourceTree = "<group>"; };
		23707C0E2442A8CD00175FD9 /* ModuleFactory+PathModule.swift */ = {isa = PBXFileReference; lastKnownFileType = sourcecode.swift; path = "ModuleFactory+PathModule.swift"; sourceTree = "<group>"; };
		23707C102442A90C00175FD9 /* PathViewController.swift */ = {isa = PBXFileReference; lastKnownFileType = sourcecode.swift; path = PathViewController.swift; sourceTree = "<group>"; };
		23707C122442A99900175FD9 /* PathViewModel.swift */ = {isa = PBXFileReference; lastKnownFileType = sourcecode.swift; path = PathViewModel.swift; sourceTree = "<group>"; };
		23707C142442ABB100175FD9 /* PathCoordinator.swift */ = {isa = PBXFileReference; lastKnownFileType = sourcecode.swift; path = PathCoordinator.swift; sourceTree = "<group>"; };
		23707C172442AC0800175FD9 /* PathModuleFactory.swift */ = {isa = PBXFileReference; lastKnownFileType = sourcecode.swift; path = PathModuleFactory.swift; sourceTree = "<group>"; };
		23707C1A24437D1200175FD9 /* GeneralViewController.swift */ = {isa = PBXFileReference; lastKnownFileType = sourcecode.swift; path = GeneralViewController.swift; sourceTree = "<group>"; };
		23707C1D24437DA200175FD9 /* GeneralViewModel.swift */ = {isa = PBXFileReference; lastKnownFileType = sourcecode.swift; path = GeneralViewModel.swift; sourceTree = "<group>"; };
		23707C1F24437DC100175FD9 /* ModuleFactory+GeneralModule.swift */ = {isa = PBXFileReference; lastKnownFileType = sourcecode.swift; path = "ModuleFactory+GeneralModule.swift"; sourceTree = "<group>"; };
		23707C2124437E2400175FD9 /* GeneralModuleFactory.swift */ = {isa = PBXFileReference; lastKnownFileType = sourcecode.swift; path = GeneralModuleFactory.swift; sourceTree = "<group>"; };
		23707C2424437E3F00175FD9 /* GeneralCoordinator.swift */ = {isa = PBXFileReference; lastKnownFileType = sourcecode.swift; path = GeneralCoordinator.swift; sourceTree = "<group>"; };
		23707C2624437FDA00175FD9 /* UIView+RoundedShadow.swift */ = {isa = PBXFileReference; lastKnownFileType = sourcecode.swift; path = "UIView+RoundedShadow.swift"; sourceTree = "<group>"; };
		23707C282443943C00175FD9 /* WaybillViewController.swift */ = {isa = PBXFileReference; lastKnownFileType = sourcecode.swift; path = WaybillViewController.swift; sourceTree = "<group>"; };
		23707C2B2443948400175FD9 /* ModuleFactory+WaybillModule.swift */ = {isa = PBXFileReference; lastKnownFileType = sourcecode.swift; path = "ModuleFactory+WaybillModule.swift"; sourceTree = "<group>"; };
		23707C2D244395DF00175FD9 /* WaybillViewModel.swift */ = {isa = PBXFileReference; lastKnownFileType = sourcecode.swift; path = WaybillViewModel.swift; sourceTree = "<group>"; };
		23707C2F24439B9500175FD9 /* WaybillCoordinator.swift */ = {isa = PBXFileReference; lastKnownFileType = sourcecode.swift; path = WaybillCoordinator.swift; sourceTree = "<group>"; };
		23707C3224439BD300175FD9 /* WaybillModuleFactory.swift */ = {isa = PBXFileReference; lastKnownFileType = sourcecode.swift; path = WaybillModuleFactory.swift; sourceTree = "<group>"; };
		23707C342443A3D800175FD9 /* BasePlaceholderView.swift */ = {isa = PBXFileReference; lastKnownFileType = sourcecode.swift; path = BasePlaceholderView.swift; sourceTree = "<group>"; };
		23707C362443A46400175FD9 /* BasePlaceholderViewModel.swift */ = {isa = PBXFileReference; lastKnownFileType = sourcecode.swift; path = BasePlaceholderViewModel.swift; sourceTree = "<group>"; };
		23707C392443A68000175FD9 /* ViewTextConfigurable.swift */ = {isa = PBXFileReference; lastKnownFileType = sourcecode.swift; path = ViewTextConfigurable.swift; sourceTree = "<group>"; };
		23707C3B2443DD4000175FD9 /* UILabel+ViewTextConfigurable.swift */ = {isa = PBXFileReference; lastKnownFileType = sourcecode.swift; path = "UILabel+ViewTextConfigurable.swift"; sourceTree = "<group>"; };
		23707C3D2443DD6700175FD9 /* UIButton+ViewTextConfigurable.swift */ = {isa = PBXFileReference; lastKnownFileType = sourcecode.swift; path = "UIButton+ViewTextConfigurable.swift"; sourceTree = "<group>"; };
		23707C3F2443DDA300175FD9 /* ViewText.swift */ = {isa = PBXFileReference; lastKnownFileType = sourcecode.swift; path = ViewText.swift; sourceTree = "<group>"; };
		23707C412443DDF700175FD9 /* BaseTextAttributes.swift */ = {isa = PBXFileReference; lastKnownFileType = sourcecode.swift; path = BaseTextAttributes.swift; sourceTree = "<group>"; };
		23707C432443DE8600175FD9 /* ConfigurableController.swift */ = {isa = PBXFileReference; lastKnownFileType = sourcecode.swift; path = ConfigurableController.swift; sourceTree = "<group>"; };
		23707C452443DF2000175FD9 /* BaseConfigurableController.swift */ = {isa = PBXFileReference; lastKnownFileType = sourcecode.swift; path = BaseConfigurableController.swift; sourceTree = "<group>"; };
		23707C4B2443E37D00175FD9 /* EmptyView.swift */ = {isa = PBXFileReference; lastKnownFileType = sourcecode.swift; path = EmptyView.swift; sourceTree = "<group>"; };
		23707C4D2443EB0800175FD9 /* BaseSeparatorView.swift */ = {isa = PBXFileReference; lastKnownFileType = sourcecode.swift; path = BaseSeparatorView.swift; sourceTree = "<group>"; };
		23707C4F2443EC1400175FD9 /* EmptyViewModel.swift */ = {isa = PBXFileReference; lastKnownFileType = sourcecode.swift; path = EmptyViewModel.swift; sourceTree = "<group>"; };
		23707C512443ED3A00175FD9 /* ConfigurableView.swift */ = {isa = PBXFileReference; lastKnownFileType = sourcecode.swift; path = ConfigurableView.swift; sourceTree = "<group>"; };
		6B659669A9C8A9A35E3D755E /* Pods-Pathfinder.debug.xcconfig */ = {isa = PBXFileReference; includeInIndex = 1; lastKnownFileType = text.xcconfig; name = "Pods-Pathfinder.debug.xcconfig"; path = "Target Support Files/Pods-Pathfinder/Pods-Pathfinder.debug.xcconfig"; sourceTree = "<group>"; };
		7B08F03EBD80DEF0658C4FE0 /* Pods_Pathfinder.framework */ = {isa = PBXFileReference; explicitFileType = wrapper.framework; includeInIndex = 0; path = Pods_Pathfinder.framework; sourceTree = BUILT_PRODUCTS_DIR; };
		BEF3611DFF58E270BD53008C /* Pods-Pathfinder.release.xcconfig */ = {isa = PBXFileReference; includeInIndex = 1; lastKnownFileType = text.xcconfig; name = "Pods-Pathfinder.release.xcconfig"; path = "Target Support Files/Pods-Pathfinder/Pods-Pathfinder.release.xcconfig"; sourceTree = "<group>"; };
/* End PBXFileReference section */

/* Begin PBXFrameworksBuildPhase section */
		23707B922442775100175FD9 /* Frameworks */ = {
			isa = PBXFrameworksBuildPhase;
			buildActionMask = 2147483647;
			files = (
				2EAE88E586E9A0AB376F1945 /* Pods_Pathfinder.framework in Frameworks */,
			);
			runOnlyForDeploymentPostprocessing = 0;
		};
/* End PBXFrameworksBuildPhase section */

/* Begin PBXGroup section */
		23707B8C2442775100175FD9 = {
			isa = PBXGroup;
			children = (
				23707B972442775100175FD9 /* Pathfinder */,
				23707B962442775100175FD9 /* Products */,
				BDCE244B1C7DAA64B1A90589 /* Pods */,
				FC21C9A1F5E9A2A7302F3700 /* Frameworks */,
			);
			sourceTree = "<group>";
		};
		23707B962442775100175FD9 /* Products */ = {
			isa = PBXGroup;
			children = (
				23707B952442775100175FD9 /* Pathfinder.app */,
			);
			name = Products;
			sourceTree = "<group>";
		};
		23707B972442775100175FD9 /* Pathfinder */ = {
			isa = PBXGroup;
			children = (
				23707BAD24427A9900175FD9 /* ApplicationLayer */,
				23707BAC24427A6000175FD9 /* Controllers */,
				23707BBE2442877300175FD9 /* Coordinators */,
				23707C0624429C3A00175FD9 /* Views */,
				23707BE324428ED100175FD9 /* Protocols */,
				23707BD624428CB800175FD9 /* Extensions */,
				23707C192442AFA600175FD9 /* Helpers */,
				23707BAF24427B5100175FD9 /* Resources */,
			);
			path = Pathfinder;
			sourceTree = "<group>";
		};
		23707BAC24427A6000175FD9 /* Controllers */ = {
			isa = PBXGroup;
			children = (
				23707BF92442980200175FD9 /* NavigationController */,
				23707BFA2442981200175FD9 /* TabBarController */,
				23707C1C24437D1600175FD9 /* GeneralController */,
				23707C2A2443944500175FD9 /* WaybillController */,
				23707C0D2442A88800175FD9 /* PathController */,
			);
			path = Controllers;
			sourceTree = "<group>";
		};
		23707BAD24427A9900175FD9 /* ApplicationLayer */ = {
			isa = PBXGroup;
			children = (
				23707BB82442866800175FD9 /* Delegates */,
			);
			path = ApplicationLayer;
			sourceTree = "<group>";
		};
		23707BAF24427B5100175FD9 /* Resources */ = {
			isa = PBXGroup;
			children = (
				23707BA12442775400175FD9 /* Assets.xcassets */,
				23707BA32442775400175FD9 /* LaunchScreen.storyboard */,
				23707BA62442775400175FD9 /* Info.plist */,
			);
			path = Resources;
			sourceTree = "<group>";
		};
		23707BB82442866800175FD9 /* Delegates */ = {
			isa = PBXGroup;
			children = (
				23707B982442775100175FD9 /* AppDelegate.swift */,
			);
			path = Delegates;
			sourceTree = "<group>";
		};
		23707BB92442867900175FD9 /* AppCoordinator */ = {
			isa = PBXGroup;
			children = (
				23707BEC2442932C00175FD9 /* ApplicationCoordinatorInterface.swift */,
				23707BBA2442869F00175FD9 /* ApplicationCoordinator.swift */,
				23707BEA244292D700175FD9 /* ApplicationModuleFactory.swift */,
				23707BEE244293F200175FD9 /* ApplicationCoordinatorInstructor.swift */,
				23707BF02442948400175FD9 /* ApplicationStorage.swift */,
				23707BF2244294D400175FD9 /* ApplicationState.swift */,
			);
			path = AppCoordinator;
			sourceTree = "<group>";
		};
		23707BBE2442877300175FD9 /* Coordinators */ = {
			isa = PBXGroup;
			children = (
				23707BC32442884D00175FD9 /* BaseCoordinator */,
				23707BB92442867900175FD9 /* AppCoordinator */,
				23707BF4244295D100175FD9 /* TabBarCoordinator */,
				23707C2324437E2800175FD9 /* GeneralCoordinator */,
				23707C3124439B9C00175FD9 /* WaybillCoordinator */,
				23707C162442ABE300175FD9 /* PathCoordinator */,
			);
			path = Coordinators;
			sourceTree = "<group>";
		};
		23707BC32442884D00175FD9 /* BaseCoordinator */ = {
			isa = PBXGroup;
			children = (
				23707BC62442891000175FD9 /* Coordinator */,
				23707BC72442891A00175FD9 /* Instructor */,
				23707BC82442892E00175FD9 /* Factory */,
				23707BE024428DBA00175FD9 /* Presentable */,
				23707BC92442893B00175FD9 /* Routable */,
			);
			path = BaseCoordinator;
			sourceTree = "<group>";
		};
		23707BC62442891000175FD9 /* Coordinator */ = {
			isa = PBXGroup;
			children = (
				23707BBF2442878F00175FD9 /* Coordinatable.swift */,
				23707BBC2442871300175FD9 /* BaseCoordinator.swift */,
				23707BC4244288B900175FD9 /* CoordinatorGroup.swift */,
			);
			path = Coordinator;
			sourceTree = "<group>";
		};
		23707BC72442891A00175FD9 /* Instructor */ = {
			isa = PBXGroup;
			children = (
				23707BCA2442897B00175FD9 /* Instructor.swift */,
				23707BCC2442899900175FD9 /* CoordinatorInstructor.swift */,
			);
			path = Instructor;
			sourceTree = "<group>";
		};
		23707BC82442892E00175FD9 /* Factory */ = {
			isa = PBXGroup;
			children = (
				23707BCE244289D700175FD9 /* CoordinatorFactory.swift */,
				23707BD024428A0F00175FD9 /* ModuleFactory.swift */,
			);
			path = Factory;
			sourceTree = "<group>";
		};
		23707BC92442893B00175FD9 /* Routable */ = {
			isa = PBXGroup;
			children = (
				23707BD924428D4800175FD9 /* Protocols */,
				23707BD224428BF500175FD9 /* AppRouter.swift */,
				23707BD724428CF700175FD9 /* Router.swift */,
			);
			path = Routable;
			sourceTree = "<group>";
		};
		23707BD624428CB800175FD9 /* Extensions */ = {
			isa = PBXGroup;
			children = (
				23707BD424428C9400175FD9 /* UIWindow+Level.swift */,
				23707BB624427C7800175FD9 /* UIImage+Extensions.swift */,
				23707BE624428F8700175FD9 /* UIViewController+Extensions.swift */,
				23707C2624437FDA00175FD9 /* UIView+RoundedShadow.swift */,
				23707C3B2443DD4000175FD9 /* UILabel+ViewTextConfigurable.swift */,
				23707C3D2443DD6700175FD9 /* UIButton+ViewTextConfigurable.swift */,
			);
			path = Extensions;
			sourceTree = "<group>";
		};
		23707BD924428D4800175FD9 /* Protocols */ = {
			isa = PBXGroup;
			children = (
				23707BDA24428D5200175FD9 /* AppRoutable.swift */,
				23707BDC24428D6600175FD9 /* StackRoutable.swift */,
				23707BDE24428D8900175FD9 /* ModalRoutable.swift */,
			);
			path = Protocols;
			sourceTree = "<group>";
		};
		23707BE024428DBA00175FD9 /* Presentable */ = {
			isa = PBXGroup;
			children = (
				23707BE124428DC400175FD9 /* Presentable.swift */,
			);
			path = Presentable;
			sourceTree = "<group>";
		};
		23707BE324428ED100175FD9 /* Protocols */ = {
			isa = PBXGroup;
			children = (
				23707BE424428EE300175FD9 /* InitializableView.swift */,
				23707C432443DE8600175FD9 /* ConfigurableController.swift */,
				23707C452443DF2000175FD9 /* BaseConfigurableController.swift */,
				23707C392443A68000175FD9 /* ViewTextConfigurable.swift */,
				23707C512443ED3A00175FD9 /* ConfigurableView.swift */,
			);
			path = Protocols;
			sourceTree = "<group>";
		};
		23707BF4244295D100175FD9 /* TabBarCoordinator */ = {
			isa = PBXGroup;
			children = (
				23707BF5244295F500175FD9 /* TabBarCoordinator.swift */,
				23707BF72442973100175FD9 /* TabBarStorage.swift */,
				23707C0B2442A18B00175FD9 /* MainStorage.swift */,
			);
			path = TabBarCoordinator;
			sourceTree = "<group>";
		};
		23707BF92442980200175FD9 /* NavigationController */ = {
			isa = PBXGroup;
			children = (
				23707B9C2442775100175FD9 /* NavigationController.swift */,
			);
			path = NavigationController;
			sourceTree = "<group>";
		};
		23707BFA2442981200175FD9 /* TabBarController */ = {
			isa = PBXGroup;
			children = (
				23707BFB2442987600175FD9 /* TabBarController.swift */,
				23707BFD2442997D00175FD9 /* ModuleFactory+TabBar.swift */,
				23707C0124429B6F00175FD9 /* Subviews */,
			);
			path = TabBarController;
			sourceTree = "<group>";
		};
		23707C0124429B6F00175FD9 /* Subviews */ = {
			isa = PBXGroup;
			children = (
				23707BFF2442999F00175FD9 /* TabBarItem.swift */,
				23707C0224429B7B00175FD9 /* TabBarItemView.swift */,
				23707C0924429CC700175FD9 /* TabBarView.swift */,
				23707C0724429C9400175FD9 /* TabBarViewDelegate.swift */,
			);
			path = Subviews;
			sourceTree = "<group>";
		};
		23707C0624429C3A00175FD9 /* Views */ = {
			isa = PBXGroup;
			children = (
				23707C0424429BEE00175FD9 /* BaseView.swift */,
				23707C4D2443EB0800175FD9 /* BaseSeparatorView.swift */,
				23707C382443A58D00175FD9 /* BasePlaceholderView */,
				23707C532443EDF000175FD9 /* EmptyView */,
			);
			path = Views;
			sourceTree = "<group>";
		};
		23707C0D2442A88800175FD9 /* PathController */ = {
			isa = PBXGroup;
			children = (
				23707C0E2442A8CD00175FD9 /* ModuleFactory+PathModule.swift */,
				23707C102442A90C00175FD9 /* PathViewController.swift */,
				23707C122442A99900175FD9 /* PathViewModel.swift */,
			);
			path = PathController;
			sourceTree = "<group>";
		};
		23707C162442ABE300175FD9 /* PathCoordinator */ = {
			isa = PBXGroup;
			children = (
				23707C142442ABB100175FD9 /* PathCoordinator.swift */,
				23707C172442AC0800175FD9 /* PathModuleFactory.swift */,
			);
			path = PathCoordinator;
			sourceTree = "<group>";
		};
		23707C192442AFA600175FD9 /* Helpers */ = {
			isa = PBXGroup;
			children = (
				23707BB424427C6A00175FD9 /* Constants.swift */,
				23707BC1244287D600175FD9 /* Block.swift */,
				23707C3F2443DDA300175FD9 /* ViewText.swift */,
				23707C412443DDF700175FD9 /* BaseTextAttributes.swift */,
			);
			path = Helpers;
			sourceTree = "<group>";
		};
		23707C1C24437D1600175FD9 /* GeneralController */ = {
			isa = PBXGroup;
			children = (
				23707C1F24437DC100175FD9 /* ModuleFactory+GeneralModule.swift */,
				23707C1A24437D1200175FD9 /* GeneralViewController.swift */,
				23707C1D24437DA200175FD9 /* GeneralViewModel.swift */,
			);
			name = GeneralController;
			sourceTree = "<group>";
		};
		23707C2324437E2800175FD9 /* GeneralCoordinator */ = {
			isa = PBXGroup;
			children = (
				23707C2424437E3F00175FD9 /* GeneralCoordinator.swift */,
				23707C2124437E2400175FD9 /* GeneralModuleFactory.swift */,
			);
			path = GeneralCoordinator;
			sourceTree = "<group>";
		};
		23707C2A2443944500175FD9 /* WaybillController */ = {
			isa = PBXGroup;
			children = (
				23707C2B2443948400175FD9 /* ModuleFactory+WaybillModule.swift */,
				23707C282443943C00175FD9 /* WaybillViewController.swift */,
				23707C2D244395DF00175FD9 /* WaybillViewModel.swift */,
			);
			path = WaybillController;
			sourceTree = "<group>";
		};
		23707C3124439B9C00175FD9 /* WaybillCoordinator */ = {
			isa = PBXGroup;
			children = (
				23707C2F24439B9500175FD9 /* WaybillCoordinator.swift */,
				23707C3224439BD300175FD9 /* WaybillModuleFactory.swift */,
			);
			path = WaybillCoordinator;
			sourceTree = "<group>";
		};
		23707C382443A58D00175FD9 /* BasePlaceholderView */ = {
			isa = PBXGroup;
			children = (
				23707C342443A3D800175FD9 /* BasePlaceholderView.swift */,
				23707C362443A46400175FD9 /* BasePlaceholderViewModel.swift */,
			);
			path = BasePlaceholderView;
			sourceTree = "<group>";
		};
		23707C532443EDF000175FD9 /* EmptyView */ = {
			isa = PBXGroup;
			children = (
				23707C4B2443E37D00175FD9 /* EmptyView.swift */,
				23707C4F2443EC1400175FD9 /* EmptyViewModel.swift */,
			);
			path = EmptyView;
			sourceTree = "<group>";
		};
		BDCE244B1C7DAA64B1A90589 /* Pods */ = {
			isa = PBXGroup;
			children = (
				6B659669A9C8A9A35E3D755E /* Pods-Pathfinder.debug.xcconfig */,
				BEF3611DFF58E270BD53008C /* Pods-Pathfinder.release.xcconfig */,
			);
			path = Pods;
			sourceTree = "<group>";
		};
		FC21C9A1F5E9A2A7302F3700 /* Frameworks */ = {
			isa = PBXGroup;
			children = (
				7B08F03EBD80DEF0658C4FE0 /* Pods_Pathfinder.framework */,
			);
			name = Frameworks;
			sourceTree = "<group>";
		};
/* End PBXGroup section */

/* Begin PBXNativeTarget section */
		23707B942442775100175FD9 /* Pathfinder */ = {
			isa = PBXNativeTarget;
			buildConfigurationList = 23707BA92442775400175FD9 /* Build configuration list for PBXNativeTarget "Pathfinder" */;
			buildPhases = (
				05448EC9EC8DF678F291C174 /* [CP] Check Pods Manifest.lock */,
				23707B912442775100175FD9 /* Sources */,
				23707B922442775100175FD9 /* Frameworks */,
				23707B932442775100175FD9 /* Resources */,
				7B559D7F40A85AA987C1F7CA /* [CP] Embed Pods Frameworks */,
			);
			buildRules = (
			);
			dependencies = (
			);
			name = Pathfinder;
			productName = Pathfinder;
			productReference = 23707B952442775100175FD9 /* Pathfinder.app */;
			productType = "com.apple.product-type.application";
		};
/* End PBXNativeTarget section */

/* Begin PBXProject section */
		23707B8D2442775100175FD9 /* Project object */ = {
			isa = PBXProject;
			attributes = {
				LastSwiftUpdateCheck = 1130;
				LastUpgradeCheck = 1130;
				ORGANIZATIONNAME = "Ekaterina Ryzhova";
				TargetAttributes = {
					23707B942442775100175FD9 = {
						CreatedOnToolsVersion = 11.3;
					};
				};
			};
			buildConfigurationList = 23707B902442775100175FD9 /* Build configuration list for PBXProject "Pathfinder" */;
			compatibilityVersion = "Xcode 9.3";
			developmentRegion = en;
			hasScannedForEncodings = 0;
			knownRegions = (
				en,
				Base,
			);
			mainGroup = 23707B8C2442775100175FD9;
			productRefGroup = 23707B962442775100175FD9 /* Products */;
			projectDirPath = "";
			projectRoot = "";
			targets = (
				23707B942442775100175FD9 /* Pathfinder */,
			);
		};
/* End PBXProject section */

/* Begin PBXResourcesBuildPhase section */
		23707B932442775100175FD9 /* Resources */ = {
			isa = PBXResourcesBuildPhase;
			buildActionMask = 2147483647;
			files = (
				23707BA52442775400175FD9 /* LaunchScreen.storyboard in Resources */,
				23707BA22442775400175FD9 /* Assets.xcassets in Resources */,
			);
			runOnlyForDeploymentPostprocessing = 0;
		};
/* End PBXResourcesBuildPhase section */

/* Begin PBXShellScriptBuildPhase section */
		05448EC9EC8DF678F291C174 /* [CP] Check Pods Manifest.lock */ = {
			isa = PBXShellScriptBuildPhase;
			buildActionMask = 2147483647;
			files = (
			);
			inputFileListPaths = (
			);
			inputPaths = (
				"${PODS_PODFILE_DIR_PATH}/Podfile.lock",
				"${PODS_ROOT}/Manifest.lock",
			);
			name = "[CP] Check Pods Manifest.lock";
			outputFileListPaths = (
			);
			outputPaths = (
				"$(DERIVED_FILE_DIR)/Pods-Pathfinder-checkManifestLockResult.txt",
			);
			runOnlyForDeploymentPostprocessing = 0;
			shellPath = /bin/sh;
			shellScript = "diff \"${PODS_PODFILE_DIR_PATH}/Podfile.lock\" \"${PODS_ROOT}/Manifest.lock\" > /dev/null\nif [ $? != 0 ] ; then\n    # print error to STDERR\n    echo \"error: The sandbox is not in sync with the Podfile.lock. Run 'pod install' or update your CocoaPods installation.\" >&2\n    exit 1\nfi\n# This output is used by Xcode 'outputs' to avoid re-running this script phase.\necho \"SUCCESS\" > \"${SCRIPT_OUTPUT_FILE_0}\"\n";
			showEnvVarsInLog = 0;
		};
		7B559D7F40A85AA987C1F7CA /* [CP] Embed Pods Frameworks */ = {
			isa = PBXShellScriptBuildPhase;
			buildActionMask = 2147483647;
			files = (
			);
			inputFileListPaths = (
				"${PODS_ROOT}/Target Support Files/Pods-Pathfinder/Pods-Pathfinder-frameworks-${CONFIGURATION}-input-files.xcfilelist",
			);
			name = "[CP] Embed Pods Frameworks";
			outputFileListPaths = (
				"${PODS_ROOT}/Target Support Files/Pods-Pathfinder/Pods-Pathfinder-frameworks-${CONFIGURATION}-output-files.xcfilelist",
			);
			runOnlyForDeploymentPostprocessing = 0;
			shellPath = /bin/sh;
			shellScript = "\"${PODS_ROOT}/Target Support Files/Pods-Pathfinder/Pods-Pathfinder-frameworks.sh\"\n";
			showEnvVarsInLog = 0;
		};
/* End PBXShellScriptBuildPhase section */

/* Begin PBXSourcesBuildPhase section */
		23707B912442775100175FD9 /* Sources */ = {
			isa = PBXSourcesBuildPhase;
			buildActionMask = 2147483647;
			files = (
				23707C2724437FDA00175FD9 /* UIView+RoundedShadow.swift in Sources */,
				23707BCB2442897B00175FD9 /* Instructor.swift in Sources */,
				23707BC5244288B900175FD9 /* CoordinatorGroup.swift in Sources */,
				23707BDD24428D6600175FD9 /* StackRoutable.swift in Sources */,
				23707C132442A99900175FD9 /* PathViewModel.swift in Sources */,
				23707B9D2442775100175FD9 /* NavigationController.swift in Sources */,
				23707C182442AC0800175FD9 /* PathModuleFactory.swift in Sources */,
				23707B992442775100175FD9 /* AppDelegate.swift in Sources */,
				23707BF6244295F500175FD9 /* TabBarCoordinator.swift in Sources */,
				23707C442443DE8600175FD9 /* ConfigurableController.swift in Sources */,
				23707C2224437E2400175FD9 /* GeneralModuleFactory.swift in Sources */,
				23707C2524437E3F00175FD9 /* GeneralCoordinator.swift in Sources */,
				23707BE724428F8700175FD9 /* UIViewController+Extensions.swift in Sources */,
				23707BDF24428D8900175FD9 /* ModalRoutable.swift in Sources */,
				23707C2024437DC100175FD9 /* ModuleFactory+GeneralModule.swift in Sources */,
				23707C1E24437DA200175FD9 /* GeneralViewModel.swift in Sources */,
				23707C152442ABB100175FD9 /* PathCoordinator.swift in Sources */,
				23707C3024439B9500175FD9 /* WaybillCoordinator.swift in Sources */,
				23707C462443DF2000175FD9 /* BaseConfigurableController.swift in Sources */,
				23707C4C2443E37D00175FD9 /* EmptyView.swift in Sources */,
				23707C3324439BD300175FD9 /* WaybillModuleFactory.swift in Sources */,
				23707C1B24437D1200175FD9 /* GeneralViewController.swift in Sources */,
				23707C402443DDA300175FD9 /* ViewText.swift in Sources */,
				23707C352443A3D800175FD9 /* BasePlaceholderView.swift in Sources */,
				23707C112442A90C00175FD9 /* PathViewController.swift in Sources */,
				23707BB724427C7800175FD9 /* UIImage+Extensions.swift in Sources */,
				23707BFE2442997D00175FD9 /* ModuleFactory+TabBar.swift in Sources */,
				23707BD124428A0F00175FD9 /* ModuleFactory.swift in Sources */,
				23707BC2244287D600175FD9 /* Block.swift in Sources */,
				23707BF12442948400175FD9 /* ApplicationStorage.swift in Sources */,
				23707C0A24429CC700175FD9 /* TabBarView.swift in Sources */,
				23707BEB244292D700175FD9 /* ApplicationModuleFactory.swift in Sources */,
				23707C002442999F00175FD9 /* TabBarItem.swift in Sources */,
				23707BF82442973100175FD9 /* TabBarStorage.swift in Sources */,
				23707C3A2443A68000175FD9 /* ViewTextConfigurable.swift in Sources */,
				23707BFC2442987600175FD9 /* TabBarController.swift in Sources */,
				23707BEF244293F200175FD9 /* ApplicationCoordinatorInstructor.swift in Sources */,
				23707C502443EC1400175FD9 /* EmptyViewModel.swift in Sources */,
				23707BD524428C9400175FD9 /* UIWindow+Level.swift in Sources */,
				23707BD324428BF500175FD9 /* AppRouter.swift in Sources */,
				23707BD824428CF700175FD9 /* Router.swift in Sources */,
				23707C3E2443DD6700175FD9 /* UIButton+ViewTextConfigurable.swift in Sources */,
				23707BBD2442871300175FD9 /* BaseCoordinator.swift in Sources */,
				23707BC02442878F00175FD9 /* Coordinatable.swift in Sources */,
				23707BB524427C6A00175FD9 /* Constants.swift in Sources */,
				23707C0824429C9400175FD9 /* TabBarViewDelegate.swift in Sources */,
				23707C0F2442A8CD00175FD9 /* ModuleFactory+PathModule.swift in Sources */,
				23707BED2442932C00175FD9 /* ApplicationCoordinatorInterface.swift in Sources */,
				23707BE524428EE300175FD9 /* InitializableView.swift in Sources */,
				23707BF3244294D400175FD9 /* ApplicationState.swift in Sources */,
				23707C3C2443DD4000175FD9 /* UILabel+ViewTextConfigurable.swift in Sources */,
				23707C522443ED3A00175FD9 /* ConfigurableView.swift in Sources */,
				23707BBB2442869F00175FD9 /* ApplicationCoordinator.swift in Sources */,
				23707C292443943C00175FD9 /* WaybillViewController.swift in Sources */,
				23707C0324429B7B00175FD9 /* TabBarItemView.swift in Sources */,
				23707C422443DDF700175FD9 /* BaseTextAttributes.swift in Sources */,
				23707BCD2442899900175FD9 /* CoordinatorInstructor.swift in Sources */,
				23707BCF244289D700175FD9 /* CoordinatorFactory.swift in Sources */,
				23707C372443A46400175FD9 /* BasePlaceholderViewModel.swift in Sources */,
				23707C4E2443EB0800175FD9 /* BaseSeparatorView.swift in Sources */,
				23707C0524429BEE00175FD9 /* BaseView.swift in Sources */,
				23707C2C2443948400175FD9 /* ModuleFactory+WaybillModule.swift in Sources */,
				23707BDB24428D5200175FD9 /* AppRoutable.swift in Sources */,
				23707C0C2442A18B00175FD9 /* MainStorage.swift in Sources */,
				23707BE224428DC400175FD9 /* Presentable.swift in Sources */,
				23707C2E244395DF00175FD9 /* WaybillViewModel.swift in Sources */,
			);
			runOnlyForDeploymentPostprocessing = 0;
		};
/* End PBXSourcesBuildPhase section */

/* Begin PBXVariantGroup section */
		23707BA32442775400175FD9 /* LaunchScreen.storyboard */ = {
			isa = PBXVariantGroup;
			children = (
				23707BA42442775400175FD9 /* Base */,
			);
			name = LaunchScreen.storyboard;
			sourceTree = "<group>";
		};
/* End PBXVariantGroup section */

/* Begin XCBuildConfiguration section */
		23707BA72442775400175FD9 /* Debug */ = {
			isa = XCBuildConfiguration;
			buildSettings = {
				ALWAYS_SEARCH_USER_PATHS = NO;
				CLANG_ANALYZER_NONNULL = YES;
				CLANG_ANALYZER_NUMBER_OBJECT_CONVERSION = YES_AGGRESSIVE;
				CLANG_CXX_LANGUAGE_STANDARD = "gnu++14";
				CLANG_CXX_LIBRARY = "libc++";
				CLANG_ENABLE_MODULES = YES;
				CLANG_ENABLE_OBJC_ARC = YES;
				CLANG_ENABLE_OBJC_WEAK = YES;
				CLANG_WARN_BLOCK_CAPTURE_AUTORELEASING = YES;
				CLANG_WARN_BOOL_CONVERSION = YES;
				CLANG_WARN_COMMA = YES;
				CLANG_WARN_CONSTANT_CONVERSION = YES;
				CLANG_WARN_DEPRECATED_OBJC_IMPLEMENTATIONS = YES;
				CLANG_WARN_DIRECT_OBJC_ISA_USAGE = YES_ERROR;
				CLANG_WARN_DOCUMENTATION_COMMENTS = YES;
				CLANG_WARN_EMPTY_BODY = YES;
				CLANG_WARN_ENUM_CONVERSION = YES;
				CLANG_WARN_INFINITE_RECURSION = YES;
				CLANG_WARN_INT_CONVERSION = YES;
				CLANG_WARN_NON_LITERAL_NULL_CONVERSION = YES;
				CLANG_WARN_OBJC_IMPLICIT_RETAIN_SELF = YES;
				CLANG_WARN_OBJC_LITERAL_CONVERSION = YES;
				CLANG_WARN_OBJC_ROOT_CLASS = YES_ERROR;
				CLANG_WARN_RANGE_LOOP_ANALYSIS = YES;
				CLANG_WARN_STRICT_PROTOTYPES = YES;
				CLANG_WARN_SUSPICIOUS_MOVE = YES;
				CLANG_WARN_UNGUARDED_AVAILABILITY = YES_AGGRESSIVE;
				CLANG_WARN_UNREACHABLE_CODE = YES;
				CLANG_WARN__DUPLICATE_METHOD_MATCH = YES;
				COPY_PHASE_STRIP = NO;
				DEBUG_INFORMATION_FORMAT = dwarf;
				ENABLE_STRICT_OBJC_MSGSEND = YES;
				ENABLE_TESTABILITY = YES;
				GCC_C_LANGUAGE_STANDARD = gnu11;
				GCC_DYNAMIC_NO_PIC = NO;
				GCC_NO_COMMON_BLOCKS = YES;
				GCC_OPTIMIZATION_LEVEL = 0;
				GCC_PREPROCESSOR_DEFINITIONS = (
					"DEBUG=1",
					"$(inherited)",
				);
				GCC_WARN_64_TO_32_BIT_CONVERSION = YES;
				GCC_WARN_ABOUT_RETURN_TYPE = YES_ERROR;
				GCC_WARN_UNDECLARED_SELECTOR = YES;
				GCC_WARN_UNINITIALIZED_AUTOS = YES_AGGRESSIVE;
				GCC_WARN_UNUSED_FUNCTION = YES;
				GCC_WARN_UNUSED_VARIABLE = YES;
				IPHONEOS_DEPLOYMENT_TARGET = 13.2;
				MTL_ENABLE_DEBUG_INFO = INCLUDE_SOURCE;
				MTL_FAST_MATH = YES;
				ONLY_ACTIVE_ARCH = YES;
				SDKROOT = iphoneos;
				SWIFT_ACTIVE_COMPILATION_CONDITIONS = DEBUG;
				SWIFT_OPTIMIZATION_LEVEL = "-Onone";
			};
			name = Debug;
		};
		23707BA82442775400175FD9 /* Release */ = {
			isa = XCBuildConfiguration;
			buildSettings = {
				ALWAYS_SEARCH_USER_PATHS = NO;
				CLANG_ANALYZER_NONNULL = YES;
				CLANG_ANALYZER_NUMBER_OBJECT_CONVERSION = YES_AGGRESSIVE;
				CLANG_CXX_LANGUAGE_STANDARD = "gnu++14";
				CLANG_CXX_LIBRARY = "libc++";
				CLANG_ENABLE_MODULES = YES;
				CLANG_ENABLE_OBJC_ARC = YES;
				CLANG_ENABLE_OBJC_WEAK = YES;
				CLANG_WARN_BLOCK_CAPTURE_AUTORELEASING = YES;
				CLANG_WARN_BOOL_CONVERSION = YES;
				CLANG_WARN_COMMA = YES;
				CLANG_WARN_CONSTANT_CONVERSION = YES;
				CLANG_WARN_DEPRECATED_OBJC_IMPLEMENTATIONS = YES;
				CLANG_WARN_DIRECT_OBJC_ISA_USAGE = YES_ERROR;
				CLANG_WARN_DOCUMENTATION_COMMENTS = YES;
				CLANG_WARN_EMPTY_BODY = YES;
				CLANG_WARN_ENUM_CONVERSION = YES;
				CLANG_WARN_INFINITE_RECURSION = YES;
				CLANG_WARN_INT_CONVERSION = YES;
				CLANG_WARN_NON_LITERAL_NULL_CONVERSION = YES;
				CLANG_WARN_OBJC_IMPLICIT_RETAIN_SELF = YES;
				CLANG_WARN_OBJC_LITERAL_CONVERSION = YES;
				CLANG_WARN_OBJC_ROOT_CLASS = YES_ERROR;
				CLANG_WARN_RANGE_LOOP_ANALYSIS = YES;
				CLANG_WARN_STRICT_PROTOTYPES = YES;
				CLANG_WARN_SUSPICIOUS_MOVE = YES;
				CLANG_WARN_UNGUARDED_AVAILABILITY = YES_AGGRESSIVE;
				CLANG_WARN_UNREACHABLE_CODE = YES;
				CLANG_WARN__DUPLICATE_METHOD_MATCH = YES;
				COPY_PHASE_STRIP = NO;
				DEBUG_INFORMATION_FORMAT = "dwarf-with-dsym";
				ENABLE_NS_ASSERTIONS = NO;
				ENABLE_STRICT_OBJC_MSGSEND = YES;
				GCC_C_LANGUAGE_STANDARD = gnu11;
				GCC_NO_COMMON_BLOCKS = YES;
				GCC_WARN_64_TO_32_BIT_CONVERSION = YES;
				GCC_WARN_ABOUT_RETURN_TYPE = YES_ERROR;
				GCC_WARN_UNDECLARED_SELECTOR = YES;
				GCC_WARN_UNINITIALIZED_AUTOS = YES_AGGRESSIVE;
				GCC_WARN_UNUSED_FUNCTION = YES;
				GCC_WARN_UNUSED_VARIABLE = YES;
				IPHONEOS_DEPLOYMENT_TARGET = 13.2;
				MTL_ENABLE_DEBUG_INFO = NO;
				MTL_FAST_MATH = YES;
				SDKROOT = iphoneos;
				SWIFT_COMPILATION_MODE = wholemodule;
				SWIFT_OPTIMIZATION_LEVEL = "-O";
				VALIDATE_PRODUCT = YES;
			};
			name = Release;
		};
		23707BAA2442775400175FD9 /* Debug */ = {
			isa = XCBuildConfiguration;
			baseConfigurationReference = 6B659669A9C8A9A35E3D755E /* Pods-Pathfinder.debug.xcconfig */;
			buildSettings = {
				ASSETCATALOG_COMPILER_APPICON_NAME = AppIcon;
				CODE_SIGN_STYLE = Automatic;
				INFOPLIST_FILE = Pathfinder/Resources/Info.plist;
				LD_RUNPATH_SEARCH_PATHS = (
					"$(inherited)",
					"@executable_path/Frameworks",
				);
				PRODUCT_BUNDLE_IDENTIFIER = "-w1.Pathfinder";
				PRODUCT_NAME = "$(TARGET_NAME)";
				SWIFT_VERSION = 5.0;
				TARGETED_DEVICE_FAMILY = "1,2";
			};
			name = Debug;
		};
		23707BAB2442775400175FD9 /* Release */ = {
			isa = XCBuildConfiguration;
			baseConfigurationReference = BEF3611DFF58E270BD53008C /* Pods-Pathfinder.release.xcconfig */;
			buildSettings = {
				ASSETCATALOG_COMPILER_APPICON_NAME = AppIcon;
				CODE_SIGN_STYLE = Automatic;
				INFOPLIST_FILE = Pathfinder/Resources/Info.plist;
				LD_RUNPATH_SEARCH_PATHS = (
					"$(inherited)",
					"@executable_path/Frameworks",
				);
				PRODUCT_BUNDLE_IDENTIFIER = "-w1.Pathfinder";
				PRODUCT_NAME = "$(TARGET_NAME)";
				SWIFT_VERSION = 5.0;
				TARGETED_DEVICE_FAMILY = "1,2";
			};
			name = Release;
		};
/* End XCBuildConfiguration section */

/* Begin XCConfigurationList section */
		23707B902442775100175FD9 /* Build configuration list for PBXProject "Pathfinder" */ = {
			isa = XCConfigurationList;
			buildConfigurations = (
				23707BA72442775400175FD9 /* Debug */,
				23707BA82442775400175FD9 /* Release */,
			);
			defaultConfigurationIsVisible = 0;
			defaultConfigurationName = Release;
		};
		23707BA92442775400175FD9 /* Build configuration list for PBXNativeTarget "Pathfinder" */ = {
			isa = XCConfigurationList;
			buildConfigurations = (
				23707BAA2442775400175FD9 /* Debug */,
				23707BAB2442775400175FD9 /* Release */,
			);
			defaultConfigurationIsVisible = 0;
			defaultConfigurationName = Release;
		};
/* End XCConfigurationList section */
	};
	rootObject = 23707B8D2442775100175FD9 /* Project object */;
}
